
Microsoft Visual Studio Solution File, Format Version 12.00
# Visual Studio 2013
VisualStudioVersion = 12.0.21005.1
MinimumVisualStudioVersion = 10.0.40219.1
Project("{FAE04EC0-301F-11D3-BF4B-00C04F79EFBC}") = "ShapeCanvasWPFv2", "ShapeCanvasWPFv2\ShapeCanvasWPFv2.csproj", "{2792DCEB-1CD6-48BC-9C87-C05268C51BDD}"
EndProject
Global
	GlobalSection(SubversionScc) = preSolution
		Svn-Managed = True
		Manager = AnkhSVN - Subversion Support for Visual Studio
	EndGlobalSection
	GlobalSection(SolutionConfigurationPlatforms) = preSolution
		Debug|Any CPU = Debug|Any CPU
		Release|Any CPU = Release|Any CPU
	EndGlobalSection
	GlobalSection(ProjectConfigurationPlatforms) = postSolution
		{2792DCEB-1CD6-48BC-9C87-C05268C51BDD}.Debug|Any CPU.ActiveCfg = Debug|Any CPU
		{2792DCEB-1CD6-48BC-9C87-C05268C51BDD}.Debug|Any CPU.Build.0 = Debug|Any CPU
		{2792DCEB-1CD6-48BC-9C87-C05268C51BDD}.Release|Any CPU.ActiveCfg = Release|Any CPU
		{2792DCEB-1CD6-48BC-9C87-C05268C51BDD}.Release|Any CPU.Build.0 = Release|Any CPU
	EndGlobalSection
	GlobalSection(SolutionProperties) = preSolution
		HideSolutionNode = FALSE
	EndGlobalSection
EndGlobal
